
Microsoft Visual Studio Solution File, Format Version 12.00
# Visual Studio Version 17
VisualStudioVersion = 17.4.33213.308
MinimumVisualStudioVersion = 10.0.40219.1
Project("{FAE04EC0-301F-11D3-BF4B-00C04F79EFBC}") = "KFurigayQGame", "KFurigayQGame\KFurigayQGame.csproj", "{D11EA0C5-72CF-414C-98B5-DB21DB626661}"
EndProject
Global
	GlobalSection(SolutionConfigurationPlatforms) = preSolution
		Debug|Any CPU = Debug|Any CPU
		Release|Any CPU = Release|Any CPU
	EndGlobalSection
	GlobalSection(ProjectConfigurationPlatforms) = postSolution
		{D11EA0C5-72CF-414C-98B5-DB21DB626661}.Debug|Any CPU.ActiveCfg = Debug|Any CPU
		{D11EA0C5-72CF-414C-98B5-DB21DB626661}.Debug|Any CPU.Build.0 = Debug|Any CPU
		{D11EA0C5-72CF-414C-98B5-DB21DB626661}.Release|Any CPU.ActiveCfg = Release|Any CPU
		{D11EA0C5-72CF-414C-98B5-DB21DB626661}.Release|Any CPU.Build.0 = Release|Any CPU
	EndGlobalSection
	GlobalSection(SolutionProperties) = preSolution
		HideSolutionNode = FALSE
	EndGlobalSection
	GlobalSection(ExtensibilityGlobals) = postSolution
		SolutionGuid = {E763E5A9-9791-4ED9-B159-1EC3B2911EFD}
	EndGlobalSection
EndGlobal
